
Microsoft Visual Studio Solution File, Format Version 12.00
# Visual Studio 2013
VisualStudioVersion = 12.0.30723.0
MinimumVisualStudioVersion = 10.0.40219.1
Project("{FAE04EC0-301F-11D3-BF4B-00C04F79EFBC}") = "PatientCheckUp", "PatientCheckUp\PatientCheckUp\PatientCheckUp.csproj", "{3E16D1B2-C906-401C-968D-EA847B649982}"
EndProject
Project("{FAE04EC0-301F-11D3-BF4B-00C04F79EFBC}") = "PatientCheckUp.iOS", "PatientCheckUp\PatientCheckUp.iOS\PatientCheckUp.iOS.csproj", "{370BD449-4F14-4C4A-8A0A-8FF6756C07A5}"
EndProject
Project("{FAE04EC0-301F-11D3-BF4B-00C04F79EFBC}") = "PatientCheckUp.Android", "PatientCheckUp\PatientCheckUp.Android\PatientCheckUp.Android.csproj", "{B288577A-960E-4A44-96BB-0BC76ED265C9}"
EndProject
Project("{FAE04EC0-301F-11D3-BF4B-00C04F79EFBC}") = "PatientCheckUp.WinPhone", "PatientCheckUp\PatientCheckUp.WinPhone\PatientCheckUp.WinPhone.csproj", "{212BE6A0-54A1-40A6-B0EC-09D4CCF60F2D}"
EndProject
Global
	GlobalSection(SolutionConfigurationPlatforms) = preSolution
		Ad-Hoc|Any CPU = Ad-Hoc|Any CPU
		Ad-Hoc|ARM = Ad-Hoc|ARM
		Ad-Hoc|iPhone = Ad-Hoc|iPhone
		Ad-Hoc|iPhoneSimulator = Ad-Hoc|iPhoneSimulator
		Ad-Hoc|Mixed Platforms = Ad-Hoc|Mixed Platforms
		Ad-Hoc|x86 = Ad-Hoc|x86
		AppStore|Any CPU = AppStore|Any CPU
		AppStore|ARM = AppStore|ARM
		AppStore|iPhone = AppStore|iPhone
		AppStore|iPhoneSimulator = AppStore|iPhoneSimulator
		AppStore|Mixed Platforms = AppStore|Mixed Platforms
		AppStore|x86 = AppStore|x86
		Debug|Any CPU = Debug|Any CPU
		Debug|ARM = Debug|ARM
		Debug|iPhone = Debug|iPhone
		Debug|iPhoneSimulator = Debug|iPhoneSimulator
		Debug|Mixed Platforms = Debug|Mixed Platforms
		Debug|x86 = Debug|x86
		Release|Any CPU = Release|Any CPU
		Release|ARM = Release|ARM
		Release|iPhone = Release|iPhone
		Release|iPhoneSimulator = Release|iPhoneSimulator
		Release|Mixed Platforms = Release|Mixed Platforms
		Release|x86 = Release|x86
	EndGlobalSection
	GlobalSection(ProjectConfigurationPlatforms) = postSolution
		{3E16D1B2-C906-401C-968D-EA847B649982}.Ad-Hoc|Any CPU.ActiveCfg = Release|Any CPU
		{3E16D1B2-C906-401C-968D-EA847B649982}.Ad-Hoc|Any CPU.Build.0 = Release|Any CPU
		{3E16D1B2-C906-401C-968D-EA847B649982}.Ad-Hoc|ARM.ActiveCfg = Release|Any CPU
		{3E16D1B2-C906-401C-968D-EA847B649982}.Ad-Hoc|iPhone.ActiveCfg = Release|Any CPU
		{3E16D1B2-C906-401C-968D-EA847B649982}.Ad-Hoc|iPhoneSimulator.ActiveCfg = Release|Any CPU
		{3E16D1B2-C906-401C-968D-EA847B649982}.Ad-Hoc|Mixed Platforms.ActiveCfg = Release|Any CPU
		{3E16D1B2-C906-401C-968D-EA847B649982}.Ad-Hoc|Mixed Platforms.Build.0 = Release|Any CPU
		{3E16D1B2-C906-401C-968D-EA847B649982}.Ad-Hoc|x86.ActiveCfg = Release|Any CPU
		{3E16D1B2-C906-401C-968D-EA847B649982}.AppStore|Any CPU.ActiveCfg = Release|Any CPU
		{3E16D1B2-C906-401C-968D-EA847B649982}.AppStore|Any CPU.Build.0 = Release|Any CPU
		{3E16D1B2-C906-401C-968D-EA847B649982}.AppStore|ARM.ActiveCfg = Release|Any CPU
		{3E16D1B2-C906-401C-968D-EA847B649982}.AppStore|iPhone.ActiveCfg = Release|Any CPU
		{3E16D1B2-C906-401C-968D-EA847B649982}.AppStore|iPhoneSimulator.ActiveCfg = Release|Any CPU
		{3E16D1B2-C906-401C-968D-EA847B649982}.AppStore|Mixed Platforms.ActiveCfg = Release|Any CPU
		{3E16D1B2-C906-401C-968D-EA847B649982}.AppStore|Mixed Platforms.Build.0 = Release|Any CPU
		{3E16D1B2-C906-401C-968D-EA847B649982}.AppStore|x86.ActiveCfg = Release|Any CPU
		{3E16D1B2-C906-401C-968D-EA847B649982}.Debug|Any CPU.ActiveCfg = Debug|Any CPU
		{3E16D1B2-C906-401C-968D-EA847B649982}.Debug|Any CPU.Build.0 = Debug|Any CPU
		{3E16D1B2-C906-401C-968D-EA847B649982}.Debug|ARM.ActiveCfg = Debug|Any CPU
		{3E16D1B2-C906-401C-968D-EA847B649982}.Debug|iPhone.ActiveCfg = Debug|Any CPU
		{3E16D1B2-C906-401C-968D-EA847B649982}.Debug|iPhoneSimulator.ActiveCfg = Debug|Any CPU
		{3E16D1B2-C906-401C-968D-EA847B649982}.Debug|iPhoneSimulator.Build.0 = Debug|Any CPU
		{3E16D1B2-C906-401C-968D-EA847B649982}.Debug|Mixed Platforms.ActiveCfg = Debug|Any CPU
		{3E16D1B2-C906-401C-968D-EA847B649982}.Debug|Mixed Platforms.Build.0 = Debug|Any CPU
		{3E16D1B2-C906-401C-968D-EA847B649982}.Debug|x86.ActiveCfg = Debug|Any CPU
		{3E16D1B2-C906-401C-968D-EA847B649982}.Release|Any CPU.ActiveCfg = Release|Any CPU
		{3E16D1B2-C906-401C-968D-EA847B649982}.Release|Any CPU.Build.0 = Release|Any CPU
		{3E16D1B2-C906-401C-968D-EA847B649982}.Release|ARM.ActiveCfg = Release|Any CPU
		{3E16D1B2-C906-401C-968D-EA847B649982}.Release|iPhone.ActiveCfg = Release|Any CPU
		{3E16D1B2-C906-401C-968D-EA847B649982}.Release|iPhoneSimulator.ActiveCfg = Release|Any CPU
		{3E16D1B2-C906-401C-968D-EA847B649982}.Release|Mixed Platforms.ActiveCfg = Release|Any CPU
		{3E16D1B2-C906-401C-968D-EA847B649982}.Release|Mixed Platforms.Build.0 = Release|Any CPU
		{3E16D1B2-C906-401C-968D-EA847B649982}.Release|x86.ActiveCfg = Release|Any CPU
		{370BD449-4F14-4C4A-8A0A-8FF6756C07A5}.Ad-Hoc|Any CPU.ActiveCfg = Ad-Hoc|iPhone
		{370BD449-4F14-4C4A-8A0A-8FF6756C07A5}.Ad-Hoc|ARM.ActiveCfg = Ad-Hoc|iPhone
		{370BD449-4F14-4C4A-8A0A-8FF6756C07A5}.Ad-Hoc|iPhone.ActiveCfg = Ad-Hoc|iPhone
		{370BD449-4F14-4C4A-8A0A-8FF6756C07A5}.Ad-Hoc|iPhone.Build.0 = Ad-Hoc|iPhone
		{370BD449-4F14-4C4A-8A0A-8FF6756C07A5}.Ad-Hoc|iPhoneSimulator.ActiveCfg = Ad-Hoc|iPhoneSimulator
		{370BD449-4F14-4C4A-8A0A-8FF6756C07A5}.Ad-Hoc|iPhoneSimulator.Build.0 = Ad-Hoc|iPhoneSimulator
		{370BD449-4F14-4C4A-8A0A-8FF6756C07A5}.Ad-Hoc|Mixed Platforms.ActiveCfg = Ad-Hoc|iPhone
		{370BD449-4F14-4C4A-8A0A-8FF6756C07A5}.Ad-Hoc|Mixed Platforms.Build.0 = Ad-Hoc|iPhone
		{370BD449-4F14-4C4A-8A0A-8FF6756C07A5}.Ad-Hoc|x86.ActiveCfg = Ad-Hoc|iPhone
		{370BD449-4F14-4C4A-8A0A-8FF6756C07A5}.AppStore|Any CPU.ActiveCfg = AppStore|iPhone
		{370BD449-4F14-4C4A-8A0A-8FF6756C07A5}.AppStore|ARM.ActiveCfg = AppStore|iPhone
		{370BD449-4F14-4C4A-8A0A-8FF6756C07A5}.AppStore|iPhone.ActiveCfg = AppStore|iPhone
		{370BD449-4F14-4C4A-8A0A-8FF6756C07A5}.AppStore|iPhone.Build.0 = AppStore|iPhone
		{370BD449-4F14-4C4A-8A0A-8FF6756C07A5}.AppStore|iPhoneSimulator.ActiveCfg = AppStore|iPhoneSimulator
		{370BD449-4F14-4C4A-8A0A-8FF6756C07A5}.AppStore|iPhoneSimulator.Build.0 = AppStore|iPhoneSimulator
		{370BD449-4F14-4C4A-8A0A-8FF6756C07A5}.AppStore|Mixed Platforms.ActiveCfg = AppStore|iPhone
		{370BD449-4F14-4C4A-8A0A-8FF6756C07A5}.AppStore|Mixed Platforms.Build.0 = AppStore|iPhone
		{370BD449-4F14-4C4A-8A0A-8FF6756C07A5}.AppStore|x86.ActiveCfg = AppStore|iPhone
		{370BD449-4F14-4C4A-8A0A-8FF6756C07A5}.Debug|Any CPU.ActiveCfg = Debug|iPhone
		{370BD449-4F14-4C4A-8A0A-8FF6756C07A5}.Debug|ARM.ActiveCfg = Debug|iPhone
		{370BD449-4F14-4C4A-8A0A-8FF6756C07A5}.Debug|iPhone.ActiveCfg = Debug|iPhone
		{370BD449-4F14-4C4A-8A0A-8FF6756C07A5}.Debug|iPhone.Build.0 = Debug|iPhone
		{370BD449-4F14-4C4A-8A0A-8FF6756C07A5}.Debug|iPhoneSimulator.ActiveCfg = Debug|iPhoneSimulator
		{370BD449-4F14-4C4A-8A0A-8FF6756C07A5}.Debug|iPhoneSimulator.Build.0 = Debug|iPhoneSimulator
		{370BD449-4F14-4C4A-8A0A-8FF6756C07A5}.Debug|Mixed Platforms.ActiveCfg = Debug|iPhone
		{370BD449-4F14-4C4A-8A0A-8FF6756C07A5}.Debug|Mixed Platforms.Build.0 = Debug|iPhone
		{370BD449-4F14-4C4A-8A0A-8FF6756C07A5}.Debug|x86.ActiveCfg = Debug|iPhone
		{370BD449-4F14-4C4A-8A0A-8FF6756C07A5}.Release|Any CPU.ActiveCfg = Release|iPhone
		{370BD449-4F14-4C4A-8A0A-8FF6756C07A5}.Release|ARM.ActiveCfg = Release|iPhone
		{370BD449-4F14-4C4A-8A0A-8FF6756C07A5}.Release|iPhone.ActiveCfg = Release|iPhone
		{370BD449-4F14-4C4A-8A0A-8FF6756C07A5}.Release|iPhone.Build.0 = Release|iPhone
		{370BD449-4F14-4C4A-8A0A-8FF6756C07A5}.Release|iPhoneSimulator.ActiveCfg = Release|iPhoneSimulator
		{370BD449-4F14-4C4A-8A0A-8FF6756C07A5}.Release|iPhoneSimulator.Build.0 = Release|iPhoneSimulator
		{370BD449-4F14-4C4A-8A0A-8FF6756C07A5}.Release|Mixed Platforms.ActiveCfg = Release|iPhone
		{370BD449-4F14-4C4A-8A0A-8FF6756C07A5}.Release|Mixed Platforms.Build.0 = Release|iPhone
		{370BD449-4F14-4C4A-8A0A-8FF6756C07A5}.Release|x86.ActiveCfg = Release|iPhone
		{B288577A-960E-4A44-96BB-0BC76ED265C9}.Ad-Hoc|Any CPU.ActiveCfg = Release|Any CPU
		{B288577A-960E-4A44-96BB-0BC76ED265C9}.Ad-Hoc|Any CPU.Build.0 = Release|Any CPU
		{B288577A-960E-4A44-96BB-0BC76ED265C9}.Ad-Hoc|Any CPU.Deploy.0 = Release|Any CPU
		{B288577A-960E-4A44-96BB-0BC76ED265C9}.Ad-Hoc|ARM.ActiveCfg = Release|Any CPU
		{B288577A-960E-4A44-96BB-0BC76ED265C9}.Ad-Hoc|iPhone.ActiveCfg = Release|Any CPU
		{B288577A-960E-4A44-96BB-0BC76ED265C9}.Ad-Hoc|iPhoneSimulator.ActiveCfg = Release|Any CPU
		{B288577A-960E-4A44-96BB-0BC76ED265C9}.Ad-Hoc|Mixed Platforms.ActiveCfg = Release|Any CPU
		{B288577A-960E-4A44-96BB-0BC76ED265C9}.Ad-Hoc|Mixed Platforms.Build.0 = Release|Any CPU
		{B288577A-960E-4A44-96BB-0BC76ED265C9}.Ad-Hoc|Mixed Platforms.Deploy.0 = Release|Any CPU
		{B288577A-960E-4A44-96BB-0BC76ED265C9}.Ad-Hoc|x86.ActiveCfg = Release|Any CPU
		{B288577A-960E-4A44-96BB-0BC76ED265C9}.AppStore|Any CPU.ActiveCfg = Release|Any CPU
		{B288577A-960E-4A44-96BB-0BC76ED265C9}.AppStore|Any CPU.Build.0 = Release|Any CPU
		{B288577A-960E-4A44-96BB-0BC76ED265C9}.AppStore|Any CPU.Deploy.0 = Release|Any CPU
		{B288577A-960E-4A44-96BB-0BC76ED265C9}.AppStore|ARM.ActiveCfg = Release|Any CPU
		{B288577A-960E-4A44-96BB-0BC76ED265C9}.AppStore|iPhone.ActiveCfg = Release|Any CPU
		{B288577A-960E-4A44-96BB-0BC76ED265C9}.AppStore|iPhoneSimulator.ActiveCfg = Release|Any CPU
		{B288577A-960E-4A44-96BB-0BC76ED265C9}.AppStore|Mixed Platforms.ActiveCfg = Release|Any CPU
		{B288577A-960E-4A44-96BB-0BC76ED265C9}.AppStore|Mixed Platforms.Build.0 = Release|Any CPU
		{B288577A-960E-4A44-96BB-0BC76ED265C9}.AppStore|Mixed Platforms.Deploy.0 = Release|Any CPU
		{B288577A-960E-4A44-96BB-0BC76ED265C9}.AppStore|x86.ActiveCfg = Release|Any CPU
		{B288577A-960E-4A44-96BB-0BC76ED265C9}.Debug|Any CPU.ActiveCfg = Debug|Any CPU
		{B288577A-960E-4A44-96BB-0BC76ED265C9}.Debug|Any CPU.Build.0 = Debug|Any CPU
		{B288577A-960E-4A44-96BB-0BC76ED265C9}.Debug|Any CPU.Deploy.0 = Debug|Any CPU
		{B288577A-960E-4A44-96BB-0BC76ED265C9}.Debug|ARM.ActiveCfg = Debug|Any CPU
		{B288577A-960E-4A44-96BB-0BC76ED265C9}.Debug|iPhone.ActiveCfg = Debug|Any CPU
		{B288577A-960E-4A44-96BB-0BC76ED265C9}.Debug|iPhoneSimulator.ActiveCfg = Debug|Any CPU
		{B288577A-960E-4A44-96BB-0BC76ED265C9}.Debug|Mixed Platforms.ActiveCfg = Debug|Any CPU
		{B288577A-960E-4A44-96BB-0BC76ED265C9}.Debug|Mixed Platforms.Build.0 = Debug|Any CPU
		{B288577A-960E-4A44-96BB-0BC76ED265C9}.Debug|Mixed Platforms.Deploy.0 = Debug|Any CPU
		{B288577A-960E-4A44-96BB-0BC76ED265C9}.Debug|x86.ActiveCfg = Debug|Any CPU
		{B288577A-960E-4A44-96BB-0BC76ED265C9}.Release|Any CPU.ActiveCfg = Release|Any CPU
		{B288577A-960E-4A44-96BB-0BC76ED265C9}.Release|Any CPU.Build.0 = Release|Any CPU
		{B288577A-960E-4A44-96BB-0BC76ED265C9}.Release|Any CPU.Deploy.0 = Release|Any CPU
		{B288577A-960E-4A44-96BB-0BC76ED265C9}.Release|ARM.ActiveCfg = Release|Any CPU
		{B288577A-960E-4A44-96BB-0BC76ED265C9}.Release|iPhone.ActiveCfg = Release|Any CPU
		{B288577A-960E-4A44-96BB-0BC76ED265C9}.Release|iPhoneSimulator.ActiveCfg = Release|Any CPU
		{B288577A-960E-4A44-96BB-0BC76ED265C9}.Release|Mixed Platforms.ActiveCfg = Release|Any CPU
		{B288577A-960E-4A44-96BB-0BC76ED265C9}.Release|Mixed Platforms.Build.0 = Release|Any CPU
		{B288577A-960E-4A44-96BB-0BC76ED265C9}.Release|Mixed Platforms.Deploy.0 = Release|Any CPU
		{B288577A-960E-4A44-96BB-0BC76ED265C9}.Release|x86.ActiveCfg = Release|Any CPU
		{212BE6A0-54A1-40A6-B0EC-09D4CCF60F2D}.Ad-Hoc|Any CPU.ActiveCfg = Release|Any CPU
		{212BE6A0-54A1-40A6-B0EC-09D4CCF60F2D}.Ad-Hoc|Any CPU.Build.0 = Release|Any CPU
		{212BE6A0-54A1-40A6-B0EC-09D4CCF60F2D}.Ad-Hoc|Any CPU.Deploy.0 = Release|Any CPU
		{212BE6A0-54A1-40A6-B0EC-09D4CCF60F2D}.Ad-Hoc|ARM.ActiveCfg = Release|ARM
		{212BE6A0-54A1-40A6-B0EC-09D4CCF60F2D}.Ad-Hoc|ARM.Build.0 = Release|ARM
		{212BE6A0-54A1-40A6-B0EC-09D4CCF60F2D}.Ad-Hoc|ARM.Deploy.0 = Release|ARM
		{212BE6A0-54A1-40A6-B0EC-09D4CCF60F2D}.Ad-Hoc|iPhone.ActiveCfg = Release|Any CPU
		{212BE6A0-54A1-40A6-B0EC-09D4CCF60F2D}.Ad-Hoc|iPhoneSimulator.ActiveCfg = Release|Any CPU
		{212BE6A0-54A1-40A6-B0EC-09D4CCF60F2D}.Ad-Hoc|Mixed Platforms.ActiveCfg = Release|x86
		{212BE6A0-54A1-40A6-B0EC-09D4CCF60F2D}.Ad-Hoc|Mixed Platforms.Build.0 = Release|x86
		{212BE6A0-54A1-40A6-B0EC-09D4CCF60F2D}.Ad-Hoc|Mixed Platforms.Deploy.0 = Release|x86
		{212BE6A0-54A1-40A6-B0EC-09D4CCF60F2D}.Ad-Hoc|x86.ActiveCfg = Release|x86
		{212BE6A0-54A1-40A6-B0EC-09D4CCF60F2D}.Ad-Hoc|x86.Build.0 = Release|x86
		{212BE6A0-54A1-40A6-B0EC-09D4CCF60F2D}.Ad-Hoc|x86.Deploy.0 = Release|x86
		{212BE6A0-54A1-40A6-B0EC-09D4CCF60F2D}.AppStore|Any CPU.ActiveCfg = Release|Any CPU
		{212BE6A0-54A1-40A6-B0EC-09D4CCF60F2D}.AppStore|Any CPU.Build.0 = Release|Any CPU
		{212BE6A0-54A1-40A6-B0EC-09D4CCF60F2D}.AppStore|Any CPU.Deploy.0 = Release|Any CPU
		{212BE6A0-54A1-40A6-B0EC-09D4CCF60F2D}.AppStore|ARM.ActiveCfg = Release|ARM
		{212BE6A0-54A1-40A6-B0EC-09D4CCF60F2D}.AppStore|ARM.Build.0 = Release|ARM
		{212BE6A0-54A1-40A6-B0EC-09D4CCF60F2D}.AppStore|ARM.Deploy.0 = Release|ARM
		{212BE6A0-54A1-40A6-B0EC-09D4CCF60F2D}.AppStore|iPhone.ActiveCfg = Release|Any CPU
		{212BE6A0-54A1-40A6-B0EC-09D4CCF60F2D}.AppStore|iPhoneSimulator.ActiveCfg = Release|Any CPU
		{212BE6A0-54A1-40A6-B0EC-09D4CCF60F2D}.AppStore|Mixed Platforms.ActiveCfg = Release|x86
		{212BE6A0-54A1-40A6-B0EC-09D4CCF60F2D}.AppStore|Mixed Platforms.Build.0 = Release|x86
		{212BE6A0-54A1-40A6-B0EC-09D4CCF60F2D}.AppStore|Mixed Platforms.Deploy.0 = Release|x86
		{212BE6A0-54A1-40A6-B0EC-09D4CCF60F2D}.AppStore|x86.ActiveCfg = Release|x86
		{212BE6A0-54A1-40A6-B0EC-09D4CCF60F2D}.AppStore|x86.Build.0 = Release|x86
		{212BE6A0-54A1-40A6-B0EC-09D4CCF60F2D}.AppStore|x86.Deploy.0 = Release|x86
		{212BE6A0-54A1-40A6-B0EC-09D4CCF60F2D}.Debug|Any CPU.ActiveCfg = Debug|Any CPU
		{212BE6A0-54A1-40A6-B0EC-09D4CCF60F2D}.Debug|Any CPU.Build.0 = Debug|Any CPU
		{212BE6A0-54A1-40A6-B0EC-09D4CCF60F2D}.Debug|Any CPU.Deploy.0 = Debug|Any CPU
		{212BE6A0-54A1-40A6-B0EC-09D4CCF60F2D}.Debug|ARM.ActiveCfg = Debug|ARM
		{212BE6A0-54A1-40A6-B0EC-09D4CCF60F2D}.Debug|ARM.Build.0 = Debug|ARM
		{212BE6A0-54A1-40A6-B0EC-09D4CCF60F2D}.Debug|ARM.Deploy.0 = Debug|ARM
		{212BE6A0-54A1-40A6-B0EC-09D4CCF60F2D}.Debug|iPhone.ActiveCfg = Debug|Any CPU
		{212BE6A0-54A1-40A6-B0EC-09D4CCF60F2D}.Debug|iPhoneSimulator.ActiveCfg = Debug|Any CPU
		{212BE6A0-54A1-40A6-B0EC-09D4CCF60F2D}.Debug|Mixed Platforms.ActiveCfg = Debug|x86
		{212BE6A0-54A1-40A6-B0EC-09D4CCF60F2D}.Debug|Mixed Platforms.Build.0 = Debug|x86
		{212BE6A0-54A1-40A6-B0EC-09D4CCF60F2D}.Debug|Mixed Platforms.Deploy.0 = Debug|x86
		{212BE6A0-54A1-40A6-B0EC-09D4CCF60F2D}.Debug|x86.ActiveCfg = Debug|x86
		{212BE6A0-54A1-40A6-B0EC-09D4CCF60F2D}.Debug|x86.Build.0 = Debug|x86
		{212BE6A0-54A1-40A6-B0EC-09D4CCF60F2D}.Debug|x86.Deploy.0 = Debug|x86
		{212BE6A0-54A1-40A6-B0EC-09D4CCF60F2D}.Release|Any CPU.ActiveCfg = Release|Any CPU
		{212BE6A0-54A1-40A6-B0EC-09D4CCF60F2D}.Release|Any CPU.Build.0 = Release|Any CPU
		{212BE6A0-54A1-40A6-B0EC-09D4CCF60F2D}.Release|Any CPU.Deploy.0 = Release|Any CPU
		{212BE6A0-54A1-40A6-B0EC-09D4CCF60F2D}.Release|ARM.ActiveCfg = Release|ARM
		{212BE6A0-54A1-40A6-B0EC-09D4CCF60F2D}.Release|ARM.Build.0 = Release|ARM
		{212BE6A0-54A1-40A6-B0EC-09D4CCF60F2D}.Release|ARM.Deploy.0 = Release|ARM
		{212BE6A0-54A1-40A6-B0EC-09D4CCF60F2D}.Release|iPhone.ActiveCfg = Release|Any CPU
		{212BE6A0-54A1-40A6-B0EC-09D4CCF60F2D}.Release|iPhoneSimulator.ActiveCfg = Release|Any CPU
		{212BE6A0-54A1-40A6-B0EC-09D4CCF60F2D}.Release|Mixed Platforms.ActiveCfg = Release|x86
		{212BE6A0-54A1-40A6-B0EC-09D4CCF60F2D}.Release|Mixed Platforms.Build.0 = Release|x86
		{212BE6A0-54A1-40A6-B0EC-09D4CCF60F2D}.Release|Mixed Platforms.Deploy.0 = Release|x86
		{212BE6A0-54A1-40A6-B0EC-09D4CCF60F2D}.Release|x86.ActiveCfg = Release|x86
		{212BE6A0-54A1-40A6-B0EC-09D4CCF60F2D}.Release|x86.Build.0 = Release|x86
		{212BE6A0-54A1-40A6-B0EC-09D4CCF60F2D}.Release|x86.Deploy.0 = Release|x86
	EndGlobalSection
	GlobalSection(SolutionProperties) = preSolution
		HideSolutionNode = FALSE
	EndGlobalSection
EndGlobal
